
Microsoft Visual Studio Solution File, Format Version 12.00
# Visual Studio Version 17
VisualStudioVersion = 17.0.32014.148
MinimumVisualStudioVersion = 10.0.40219.1
Project("{9A19103F-16F7-4668-BE54-9A1E7A4F7556}") = "GenericRepoTemplate.API", "GenericRepoTemplate.API\GenericRepoTemplate.API.csproj", "{1B281CEE-C378-47FD-B4B1-42ED5537317A}"
EndProject
Project("{FAE04EC0-301F-11D3-BF4B-00C04F79EFBC}") = "GenericRepoTemplate.Domain", "GenericRepoTemplate.Domain\GenericRepoTemplate.Domain.csproj", "{DC634103-26A2-4F52-B20E-CEF01897EC38}"
EndProject
Project("{FAE04EC0-301F-11D3-BF4B-00C04F79EFBC}") = "GenericRepoTemplate.Infrastructure", "GenericRepoTemplate.Infrastructure\GenericRepoTemplate.Infrastructure.csproj", "{7D85035F-6154-42BC-BCBA-BCB9C5B05ABF}"
EndProject
Project("{FAE04EC0-301F-11D3-BF4B-00C04F79EFBC}") = "GenericRepoTemplate.Application", "GenericRepoTemplate.Application\GenericRepoTemplate.Application.csproj", "{242E8265-2EE4-470F-9776-A4B4124E96EC}"
EndProject
Global
	GlobalSection(SolutionConfigurationPlatforms) = preSolution
		Debug|Any CPU = Debug|Any CPU
		Release|Any CPU = Release|Any CPU
	EndGlobalSection
	GlobalSection(ProjectConfigurationPlatforms) = postSolution
		{1B281CEE-C378-47FD-B4B1-42ED5537317A}.Debug|Any CPU.ActiveCfg = Debug|Any CPU
		{1B281CEE-C378-47FD-B4B1-42ED5537317A}.Debug|Any CPU.Build.0 = Debug|Any CPU
		{1B281CEE-C378-47FD-B4B1-42ED5537317A}.Release|Any CPU.ActiveCfg = Release|Any CPU
		{1B281CEE-C378-47FD-B4B1-42ED5537317A}.Release|Any CPU.Build.0 = Release|Any CPU
		{DC634103-26A2-4F52-B20E-CEF01897EC38}.Debug|Any CPU.ActiveCfg = Debug|Any CPU
		{DC634103-26A2-4F52-B20E-CEF01897EC38}.Debug|Any CPU.Build.0 = Debug|Any CPU
		{DC634103-26A2-4F52-B20E-CEF01897EC38}.Release|Any CPU.ActiveCfg = Release|Any CPU
		{DC634103-26A2-4F52-B20E-CEF01897EC38}.Release|Any CPU.Build.0 = Release|Any CPU
		{7D85035F-6154-42BC-BCBA-BCB9C5B05ABF}.Debug|Any CPU.ActiveCfg = Debug|Any CPU
		{7D85035F-6154-42BC-BCBA-BCB9C5B05ABF}.Debug|Any CPU.Build.0 = Debug|Any CPU
		{7D85035F-6154-42BC-BCBA-BCB9C5B05ABF}.Release|Any CPU.ActiveCfg = Release|Any CPU
		{7D85035F-6154-42BC-BCBA-BCB9C5B05ABF}.Release|Any CPU.Build.0 = Release|Any CPU
		{242E8265-2EE4-470F-9776-A4B4124E96EC}.Debug|Any CPU.ActiveCfg = Debug|Any CPU
		{242E8265-2EE4-470F-9776-A4B4124E96EC}.Debug|Any CPU.Build.0 = Debug|Any CPU
		{242E8265-2EE4-470F-9776-A4B4124E96EC}.Release|Any CPU.ActiveCfg = Release|Any CPU
		{242E8265-2EE4-470F-9776-A4B4124E96EC}.Release|Any CPU.Build.0 = Release|Any CPU
	EndGlobalSection
	GlobalSection(SolutionProperties) = preSolution
		HideSolutionNode = FALSE
	EndGlobalSection
	GlobalSection(ExtensibilityGlobals) = postSolution
		SolutionGuid = {4034AC1C-471C-448A-B779-8FF402040E40}
	EndGlobalSection
EndGlobal
